
Microsoft Visual Studio Solution File, Format Version 12.00
# Visual Studio 2012
Project("{FAE04EC0-301F-11D3-BF4B-00C04F79EFBC}") = "WFAlayer", "WFAlayer\WFAlayer.csproj", "{C7DA3937-EB07-4543-B374-77C0A29323F9}"
EndProject
Project("{FAE04EC0-301F-11D3-BF4B-00C04F79EFBC}") = "OOP2.HR.Data", "OOP2.HR.Data\OOP2.HR.Data.csproj", "{A8FA9115-DC12-4115-952B-1F4BD5381E8F}"
EndProject
Project("{FAE04EC0-301F-11D3-BF4B-00C04F79EFBC}") = "OOP2.HR.Entities", "OOP2.HR.Entities\OOP2.HR.Entities.csproj", "{CDE16411-30B4-4862-BB81-81ACF2453BD1}"
EndProject
Project("{FAE04EC0-301F-11D3-BF4B-00C04F79EFBC}") = "OOP2.HR.Repo", "OOP2.HR.Repo\OOP2.HR.Repo.csproj", "{251573B4-9B6F-4B9E-91BE-8F7A8F03DA61}"
EndProject
Project("{FAE04EC0-301F-11D3-BF4B-00C04F79EFBC}") = "OOP2.HR.Framework", "OOP2.HR.Framework\OOP2.HR.Framework.csproj", "{028555D5-B907-4ABC-9C16-1FEF1974700F}"
EndProject
Project("{FAE04EC0-301F-11D3-BF4B-00C04F79EFBC}") = "OOP2.HR.EF", "OOP2.HR.EF\OOP2.HR.EF.csproj", "{90615100-6935-4B46-9088-20753C1C112C}"
EndProject
Project("{FAE04EC0-301F-11D3-BF4B-00C04F79EFBC}") = "OOP2.HR.EF.Repo", "OOP2.HR.EF.Repo\OOP2.HR.EF.Repo.csproj", "{4A5FD97C-7038-421A-9AE3-E0C81C9B16EB}"
EndProject
Global
	GlobalSection(SolutionConfigurationPlatforms) = preSolution
		Debug|Any CPU = Debug|Any CPU
		Release|Any CPU = Release|Any CPU
	EndGlobalSection
	GlobalSection(ProjectConfigurationPlatforms) = postSolution
		{C7DA3937-EB07-4543-B374-77C0A29323F9}.Debug|Any CPU.ActiveCfg = Debug|Any CPU
		{C7DA3937-EB07-4543-B374-77C0A29323F9}.Debug|Any CPU.Build.0 = Debug|Any CPU
		{C7DA3937-EB07-4543-B374-77C0A29323F9}.Release|Any CPU.ActiveCfg = Release|Any CPU
		{C7DA3937-EB07-4543-B374-77C0A29323F9}.Release|Any CPU.Build.0 = Release|Any CPU
		{A8FA9115-DC12-4115-952B-1F4BD5381E8F}.Debug|Any CPU.ActiveCfg = Debug|Any CPU
		{A8FA9115-DC12-4115-952B-1F4BD5381E8F}.Debug|Any CPU.Build.0 = Debug|Any CPU
		{A8FA9115-DC12-4115-952B-1F4BD5381E8F}.Release|Any CPU.ActiveCfg = Release|Any CPU
		{A8FA9115-DC12-4115-952B-1F4BD5381E8F}.Release|Any CPU.Build.0 = Release|Any CPU
		{CDE16411-30B4-4862-BB81-81ACF2453BD1}.Debug|Any CPU.ActiveCfg = Debug|Any CPU
		{CDE16411-30B4-4862-BB81-81ACF2453BD1}.Debug|Any CPU.Build.0 = Debug|Any CPU
		{CDE16411-30B4-4862-BB81-81ACF2453BD1}.Release|Any CPU.ActiveCfg = Release|Any CPU
		{CDE16411-30B4-4862-BB81-81ACF2453BD1}.Release|Any CPU.Build.0 = Release|Any CPU
		{251573B4-9B6F-4B9E-91BE-8F7A8F03DA61}.Debug|Any CPU.ActiveCfg = Debug|Any CPU
		{251573B4-9B6F-4B9E-91BE-8F7A8F03DA61}.Debug|Any CPU.Build.0 = Debug|Any CPU
		{251573B4-9B6F-4B9E-91BE-8F7A8F03DA61}.Release|Any CPU.ActiveCfg = Release|Any CPU
		{251573B4-9B6F-4B9E-91BE-8F7A8F03DA61}.Release|Any CPU.Build.0 = Release|Any CPU
		{028555D5-B907-4ABC-9C16-1FEF1974700F}.Debug|Any CPU.ActiveCfg = Debug|Any CPU
		{028555D5-B907-4ABC-9C16-1FEF1974700F}.Debug|Any CPU.Build.0 = Debug|Any CPU
		{028555D5-B907-4ABC-9C16-1FEF1974700F}.Release|Any CPU.ActiveCfg = Release|Any CPU
		{028555D5-B907-4ABC-9C16-1FEF1974700F}.Release|Any CPU.Build.0 = Release|Any CPU
		{90615100-6935-4B46-9088-20753C1C112C}.Debug|Any CPU.ActiveCfg = Debug|Any CPU
		{90615100-6935-4B46-9088-20753C1C112C}.Debug|Any CPU.Build.0 = Debug|Any CPU
		{90615100-6935-4B46-9088-20753C1C112C}.Release|Any CPU.ActiveCfg = Release|Any CPU
		{90615100-6935-4B46-9088-20753C1C112C}.Release|Any CPU.Build.0 = Release|Any CPU
		{4A5FD97C-7038-421A-9AE3-E0C81C9B16EB}.Debug|Any CPU.ActiveCfg = Debug|Any CPU
		{4A5FD97C-7038-421A-9AE3-E0C81C9B16EB}.Debug|Any CPU.Build.0 = Debug|Any CPU
		{4A5FD97C-7038-421A-9AE3-E0C81C9B16EB}.Release|Any CPU.ActiveCfg = Release|Any CPU
		{4A5FD97C-7038-421A-9AE3-E0C81C9B16EB}.Release|Any CPU.Build.0 = Release|Any CPU
	EndGlobalSection
	GlobalSection(SolutionProperties) = preSolution
		HideSolutionNode = FALSE
	EndGlobalSection
EndGlobal
